
Microsoft Visual Studio Solution File, Format Version 12.00
# Visual Studio Version 17
VisualStudioVersion = 17.5.002.0
MinimumVisualStudioVersion = 10.0.40219.1
Project("{2150E333-8FDC-42A3-9474-1A3956D46DE8}") = "samples", "samples", "{EAEBD37B-E1F6-4460-A083-932AD6BC851D}"
EndProject
Project("{2150E333-8FDC-42A3-9474-1A3956D46DE8}") = "chapter-03", "chapter-03", "{48044DFA-C12E-4CEC-904D-B4F8284A655B}"
EndProject
Project("{9A19103F-16F7-4668-BE54-9A1E7A4F7556}") = "Chapter1.Console", "samples\chapter-03\Chapter1.Console\Chapter1.Console.csproj", "{A45D2B9E-7A49-41AB-8DFA-8D5FF7F0F8F5}"
EndProject
Global
	GlobalSection(SolutionConfigurationPlatforms) = preSolution
		Debug|Any CPU = Debug|Any CPU
		Release|Any CPU = Release|Any CPU
	EndGlobalSection
	GlobalSection(ProjectConfigurationPlatforms) = postSolution
		{A45D2B9E-7A49-41AB-8DFA-8D5FF7F0F8F5}.Debug|Any CPU.ActiveCfg = Debug|Any CPU
		{A45D2B9E-7A49-41AB-8DFA-8D5FF7F0F8F5}.Debug|Any CPU.Build.0 = Debug|Any CPU
		{A45D2B9E-7A49-41AB-8DFA-8D5FF7F0F8F5}.Release|Any CPU.ActiveCfg = Release|Any CPU
		{A45D2B9E-7A49-41AB-8DFA-8D5FF7F0F8F5}.Release|Any CPU.Build.0 = Release|Any CPU
	EndGlobalSection
	GlobalSection(SolutionProperties) = preSolution
		HideSolutionNode = FALSE
	EndGlobalSection
	GlobalSection(NestedProjects) = preSolution
		{48044DFA-C12E-4CEC-904D-B4F8284A655B} = {EAEBD37B-E1F6-4460-A083-932AD6BC851D}
		{A45D2B9E-7A49-41AB-8DFA-8D5FF7F0F8F5} = {48044DFA-C12E-4CEC-904D-B4F8284A655B}
	EndGlobalSection
	GlobalSection(ExtensibilityGlobals) = postSolution
		SolutionGuid = {4F9C7BFB-CD50-4279-894B-C99DBC84D801}
	EndGlobalSection
EndGlobal
