
Microsoft Visual Studio Solution File, Format Version 12.00
# Visual Studio Version 17
VisualStudioVersion = 17.0.31903.59
MinimumVisualStudioVersion = 10.0.40219.1
Project("{FAE04EC0-301F-11D3-BF4B-00C04F79EFBC}") = "Chapter3.Console", "Chapter3.Console\Chapter3.Console.csproj", "{96020DE6-1CAC-483C-B66A-38EA20CC5327}"
EndProject
Project("{FAE04EC0-301F-11D3-BF4B-00C04F79EFBC}") = "Chapter3.WebApi", "Chapter3.WebApi\Chapter3.WebApi.csproj", "{7298184E-3822-4822-B3A5-AF693CEB7B60}"
EndProject
Global
	GlobalSection(SolutionConfigurationPlatforms) = preSolution
		Debug|Any CPU = Debug|Any CPU
		Release|Any CPU = Release|Any CPU
	EndGlobalSection
	GlobalSection(SolutionProperties) = preSolution
		HideSolutionNode = FALSE
	EndGlobalSection
	GlobalSection(ProjectConfigurationPlatforms) = postSolution
		{96020DE6-1CAC-483C-B66A-38EA20CC5327}.Debug|Any CPU.ActiveCfg = Debug|Any CPU
		{96020DE6-1CAC-483C-B66A-38EA20CC5327}.Debug|Any CPU.Build.0 = Debug|Any CPU
		{96020DE6-1CAC-483C-B66A-38EA20CC5327}.Release|Any CPU.ActiveCfg = Release|Any CPU
		{96020DE6-1CAC-483C-B66A-38EA20CC5327}.Release|Any CPU.Build.0 = Release|Any CPU
		{7298184E-3822-4822-B3A5-AF693CEB7B60}.Debug|Any CPU.ActiveCfg = Debug|Any CPU
		{7298184E-3822-4822-B3A5-AF693CEB7B60}.Debug|Any CPU.Build.0 = Debug|Any CPU
		{7298184E-3822-4822-B3A5-AF693CEB7B60}.Release|Any CPU.ActiveCfg = Release|Any CPU
		{7298184E-3822-4822-B3A5-AF693CEB7B60}.Release|Any CPU.Build.0 = Release|Any CPU
	EndGlobalSection
EndGlobal
