
Microsoft Visual Studio Solution File, Format Version 12.00
# Visual Studio Version 17
VisualStudioVersion = 17.0.31903.59
MinimumVisualStudioVersion = 10.0.40219.1
Project("{FAE04EC0-301F-11D3-BF4B-00C04F79EFBC}") = "Chapter10.ComplexProcess", "Chapter10.ComplexProcess\Chapter10.ComplexProcess.csproj", "{844756C8-60B9-4450-918A-D3F058A7E54E}"
EndProject
Project("{FAE04EC0-301F-11D3-BF4B-00C04F79EFBC}") = "Chapter10.BasicProcess", "Chapter10.BasicProcess\Chapter10.BasicProcess.csproj", "{1853A9E0-E360-4A08-ABDF-8C5DAC54627F}"
EndProject
Project("{FAE04EC0-301F-11D3-BF4B-00C04F79EFBC}") = "Chapter10.DecisionMakingProcess", "Chapter10.DecisionMakingProcess\Chapter10.DecisionMakingProcess.csproj", "{DE5B28B9-C53E-4CF7-9347-04D50AF86177}"
EndProject
Project("{FAE04EC0-301F-11D3-BF4B-00C04F79EFBC}") = "Chapter10.IntelligentRequestRouting", "Chapter10.IntelligentRequestRouting\Chapter10.IntelligentRequestRouting.csproj", "{DF14EE91-E7DE-43A7-9719-6CD7C12100D8}"
EndProject
Global
	GlobalSection(SolutionConfigurationPlatforms) = preSolution
		Debug|Any CPU = Debug|Any CPU
		Debug|x64 = Debug|x64
		Debug|x86 = Debug|x86
		Release|Any CPU = Release|Any CPU
		Release|x64 = Release|x64
		Release|x86 = Release|x86
	EndGlobalSection
	GlobalSection(ProjectConfigurationPlatforms) = postSolution
		{844756C8-60B9-4450-918A-D3F058A7E54E}.Debug|Any CPU.ActiveCfg = Debug|Any CPU
		{844756C8-60B9-4450-918A-D3F058A7E54E}.Debug|Any CPU.Build.0 = Debug|Any CPU
		{844756C8-60B9-4450-918A-D3F058A7E54E}.Debug|x64.ActiveCfg = Debug|Any CPU
		{844756C8-60B9-4450-918A-D3F058A7E54E}.Debug|x64.Build.0 = Debug|Any CPU
		{844756C8-60B9-4450-918A-D3F058A7E54E}.Debug|x86.ActiveCfg = Debug|Any CPU
		{844756C8-60B9-4450-918A-D3F058A7E54E}.Debug|x86.Build.0 = Debug|Any CPU
		{844756C8-60B9-4450-918A-D3F058A7E54E}.Release|Any CPU.ActiveCfg = Release|Any CPU
		{844756C8-60B9-4450-918A-D3F058A7E54E}.Release|Any CPU.Build.0 = Release|Any CPU
		{844756C8-60B9-4450-918A-D3F058A7E54E}.Release|x64.ActiveCfg = Release|Any CPU
		{844756C8-60B9-4450-918A-D3F058A7E54E}.Release|x64.Build.0 = Release|Any CPU
		{844756C8-60B9-4450-918A-D3F058A7E54E}.Release|x86.ActiveCfg = Release|Any CPU
		{844756C8-60B9-4450-918A-D3F058A7E54E}.Release|x86.Build.0 = Release|Any CPU
		{1853A9E0-E360-4A08-ABDF-8C5DAC54627F}.Debug|Any CPU.ActiveCfg = Debug|Any CPU
		{1853A9E0-E360-4A08-ABDF-8C5DAC54627F}.Debug|Any CPU.Build.0 = Debug|Any CPU
		{1853A9E0-E360-4A08-ABDF-8C5DAC54627F}.Debug|x64.ActiveCfg = Debug|Any CPU
		{1853A9E0-E360-4A08-ABDF-8C5DAC54627F}.Debug|x64.Build.0 = Debug|Any CPU
		{1853A9E0-E360-4A08-ABDF-8C5DAC54627F}.Debug|x86.ActiveCfg = Debug|Any CPU
		{1853A9E0-E360-4A08-ABDF-8C5DAC54627F}.Debug|x86.Build.0 = Debug|Any CPU
		{1853A9E0-E360-4A08-ABDF-8C5DAC54627F}.Release|Any CPU.ActiveCfg = Release|Any CPU
		{1853A9E0-E360-4A08-ABDF-8C5DAC54627F}.Release|Any CPU.Build.0 = Release|Any CPU
		{1853A9E0-E360-4A08-ABDF-8C5DAC54627F}.Release|x64.ActiveCfg = Release|Any CPU
		{1853A9E0-E360-4A08-ABDF-8C5DAC54627F}.Release|x64.Build.0 = Release|Any CPU
		{1853A9E0-E360-4A08-ABDF-8C5DAC54627F}.Release|x86.ActiveCfg = Release|Any CPU
		{1853A9E0-E360-4A08-ABDF-8C5DAC54627F}.Release|x86.Build.0 = Release|Any CPU
		{DE5B28B9-C53E-4CF7-9347-04D50AF86177}.Debug|Any CPU.ActiveCfg = Debug|Any CPU
		{DE5B28B9-C53E-4CF7-9347-04D50AF86177}.Debug|Any CPU.Build.0 = Debug|Any CPU
		{DE5B28B9-C53E-4CF7-9347-04D50AF86177}.Debug|x64.ActiveCfg = Debug|Any CPU
		{DE5B28B9-C53E-4CF7-9347-04D50AF86177}.Debug|x64.Build.0 = Debug|Any CPU
		{DE5B28B9-C53E-4CF7-9347-04D50AF86177}.Debug|x86.ActiveCfg = Debug|Any CPU
		{DE5B28B9-C53E-4CF7-9347-04D50AF86177}.Debug|x86.Build.0 = Debug|Any CPU
		{DE5B28B9-C53E-4CF7-9347-04D50AF86177}.Release|Any CPU.ActiveCfg = Release|Any CPU
		{DE5B28B9-C53E-4CF7-9347-04D50AF86177}.Release|Any CPU.Build.0 = Release|Any CPU
		{DE5B28B9-C53E-4CF7-9347-04D50AF86177}.Release|x64.ActiveCfg = Release|Any CPU
		{DE5B28B9-C53E-4CF7-9347-04D50AF86177}.Release|x64.Build.0 = Release|Any CPU
		{DE5B28B9-C53E-4CF7-9347-04D50AF86177}.Release|x86.ActiveCfg = Release|Any CPU
		{DE5B28B9-C53E-4CF7-9347-04D50AF86177}.Release|x86.Build.0 = Release|Any CPU
		{DF14EE91-E7DE-43A7-9719-6CD7C12100D8}.Debug|Any CPU.ActiveCfg = Debug|Any CPU
		{DF14EE91-E7DE-43A7-9719-6CD7C12100D8}.Debug|Any CPU.Build.0 = Debug|Any CPU
		{DF14EE91-E7DE-43A7-9719-6CD7C12100D8}.Debug|x64.ActiveCfg = Debug|Any CPU
		{DF14EE91-E7DE-43A7-9719-6CD7C12100D8}.Debug|x64.Build.0 = Debug|Any CPU
		{DF14EE91-E7DE-43A7-9719-6CD7C12100D8}.Debug|x86.ActiveCfg = Debug|Any CPU
		{DF14EE91-E7DE-43A7-9719-6CD7C12100D8}.Debug|x86.Build.0 = Debug|Any CPU
		{DF14EE91-E7DE-43A7-9719-6CD7C12100D8}.Release|Any CPU.ActiveCfg = Release|Any CPU
		{DF14EE91-E7DE-43A7-9719-6CD7C12100D8}.Release|Any CPU.Build.0 = Release|Any CPU
		{DF14EE91-E7DE-43A7-9719-6CD7C12100D8}.Release|x64.ActiveCfg = Release|Any CPU
		{DF14EE91-E7DE-43A7-9719-6CD7C12100D8}.Release|x64.Build.0 = Release|Any CPU
		{DF14EE91-E7DE-43A7-9719-6CD7C12100D8}.Release|x86.ActiveCfg = Release|Any CPU
		{DF14EE91-E7DE-43A7-9719-6CD7C12100D8}.Release|x86.Build.0 = Release|Any CPU
	EndGlobalSection
	GlobalSection(SolutionProperties) = preSolution
		HideSolutionNode = FALSE
	EndGlobalSection
EndGlobal
